
Microsoft Visual Studio Solution File, Format Version 12.00
# Visual Studio 15
VisualStudioVersion = 15.0.27130.2027
MinimumVisualStudioVersion = 10.0.40219.1
Project("{FAE04EC0-301F-11D3-BF4B-00C04F79EFBC}") = "WebApiLogin", "WebApiLogin\WebApiLogin.csproj", "{0C8CB870-8D43-43A8-AF62-BE7415AC510C}"
EndProject
Project("{FAE04EC0-301F-11D3-BF4B-00C04F79EFBC}") = "WebApiLogin.Tests", "WebApiLogin.Tests\WebApiLogin.Tests.csproj", "{586F8DB3-B511-4923-93AE-ED723D609257}"
EndProject
Global
	GlobalSection(SolutionConfigurationPlatforms) = preSolution
		Debug|Any CPU = Debug|Any CPU
		Release|Any CPU = Release|Any CPU
	EndGlobalSection
	GlobalSection(ProjectConfigurationPlatforms) = postSolution
		{0C8CB870-8D43-43A8-AF62-BE7415AC510C}.Debug|Any CPU.ActiveCfg = Debug|Any CPU
		{0C8CB870-8D43-43A8-AF62-BE7415AC510C}.Debug|Any CPU.Build.0 = Debug|Any CPU
		{0C8CB870-8D43-43A8-AF62-BE7415AC510C}.Release|Any CPU.ActiveCfg = Release|Any CPU
		{0C8CB870-8D43-43A8-AF62-BE7415AC510C}.Release|Any CPU.Build.0 = Release|Any CPU
		{586F8DB3-B511-4923-93AE-ED723D609257}.Debug|Any CPU.ActiveCfg = Debug|Any CPU
		{586F8DB3-B511-4923-93AE-ED723D609257}.Debug|Any CPU.Build.0 = Debug|Any CPU
		{586F8DB3-B511-4923-93AE-ED723D609257}.Release|Any CPU.ActiveCfg = Release|Any CPU
		{586F8DB3-B511-4923-93AE-ED723D609257}.Release|Any CPU.Build.0 = Release|Any CPU
	EndGlobalSection
	GlobalSection(SolutionProperties) = preSolution
		HideSolutionNode = FALSE
	EndGlobalSection
	GlobalSection(ExtensibilityGlobals) = postSolution
		SolutionGuid = {897088DE-14C7-4057-87A0-32925191A304}
	EndGlobalSection
EndGlobal
